
Microsoft Visual Studio Solution File, Format Version 12.00
# Visual Studio Version 16
VisualStudioVersion = 16.0.29411.108
MinimumVisualStudioVersion = 10.0.40219.1
Project("{FAE04EC0-301F-11D3-BF4B-00C04F79EFBC}") = "slick201912", "slick201912\slick201912.csproj", "{125DC687-8022-4DB1-B369-3DFF132671A0}"
EndProject
Global
	GlobalSection(SolutionConfigurationPlatforms) = preSolution
		Debug|Any CPU = Debug|Any CPU
		Release|Any CPU = Release|Any CPU
	EndGlobalSection
	GlobalSection(ProjectConfigurationPlatforms) = postSolution
		{125DC687-8022-4DB1-B369-3DFF132671A0}.Debug|Any CPU.ActiveCfg = Debug|Any CPU
		{125DC687-8022-4DB1-B369-3DFF132671A0}.Debug|Any CPU.Build.0 = Debug|Any CPU
		{125DC687-8022-4DB1-B369-3DFF132671A0}.Release|Any CPU.ActiveCfg = Release|Any CPU
		{125DC687-8022-4DB1-B369-3DFF132671A0}.Release|Any CPU.Build.0 = Release|Any CPU
	EndGlobalSection
	GlobalSection(SolutionProperties) = preSolution
		HideSolutionNode = FALSE
	EndGlobalSection
	GlobalSection(ExtensibilityGlobals) = postSolution
		SolutionGuid = {FCAD1C49-A96F-4131-A2C3-0703485787BE}
	EndGlobalSection
EndGlobal
