
Microsoft Visual Studio Solution File, Format Version 12.00
# Visual Studio Version 16
VisualStudioVersion = 16.0.29411.108
MinimumVisualStudioVersion = 10.0.40219.1
Project("{FAE04EC0-301F-11D3-BF4B-00C04F79EFBC}") = "Project20191016", "Project20191016\Project20191016.csproj", "{D726F2E1-4121-4EA4-B895-8647EC11E8B0}"
EndProject
Project("{FAE04EC0-301F-11D3-BF4B-00C04F79EFBC}") = "project20191015_2", "project20191015_2\project20191015_2.csproj", "{A9706327-902D-45B9-A1CF-5EFCEFF8F667}"
EndProject
Global
	GlobalSection(SolutionConfigurationPlatforms) = preSolution
		Debug|Any CPU = Debug|Any CPU
		Release|Any CPU = Release|Any CPU
	EndGlobalSection
	GlobalSection(ProjectConfigurationPlatforms) = postSolution
		{D726F2E1-4121-4EA4-B895-8647EC11E8B0}.Debug|Any CPU.ActiveCfg = Debug|Any CPU
		{D726F2E1-4121-4EA4-B895-8647EC11E8B0}.Debug|Any CPU.Build.0 = Debug|Any CPU
		{D726F2E1-4121-4EA4-B895-8647EC11E8B0}.Release|Any CPU.ActiveCfg = Release|Any CPU
		{D726F2E1-4121-4EA4-B895-8647EC11E8B0}.Release|Any CPU.Build.0 = Release|Any CPU
		{A9706327-902D-45B9-A1CF-5EFCEFF8F667}.Debug|Any CPU.ActiveCfg = Debug|Any CPU
		{A9706327-902D-45B9-A1CF-5EFCEFF8F667}.Debug|Any CPU.Build.0 = Debug|Any CPU
		{A9706327-902D-45B9-A1CF-5EFCEFF8F667}.Release|Any CPU.ActiveCfg = Release|Any CPU
		{A9706327-902D-45B9-A1CF-5EFCEFF8F667}.Release|Any CPU.Build.0 = Release|Any CPU
	EndGlobalSection
	GlobalSection(SolutionProperties) = preSolution
		HideSolutionNode = FALSE
	EndGlobalSection
	GlobalSection(ExtensibilityGlobals) = postSolution
		SolutionGuid = {E933995C-1524-4D92-B903-8F42E273240D}
	EndGlobalSection
EndGlobal
