
Microsoft Visual Studio Solution File, Format Version 12.00
# Visual Studio Version 16
VisualStudioVersion = 16.0.29411.108
MinimumVisualStudioVersion = 10.0.40219.1
Project("{FAE04EC0-301F-11D3-BF4B-00C04F79EFBC}") = "proToDO", "proToDO\proToDO.csproj", "{12A5AA9B-26C3-4D74-9CDC-B9C9069DEAFE}"
EndProject
Global
	GlobalSection(SolutionConfigurationPlatforms) = preSolution
		Debug|Any CPU = Debug|Any CPU
		Release|Any CPU = Release|Any CPU
	EndGlobalSection
	GlobalSection(ProjectConfigurationPlatforms) = postSolution
		{12A5AA9B-26C3-4D74-9CDC-B9C9069DEAFE}.Debug|Any CPU.ActiveCfg = Debug|Any CPU
		{12A5AA9B-26C3-4D74-9CDC-B9C9069DEAFE}.Debug|Any CPU.Build.0 = Debug|Any CPU
		{12A5AA9B-26C3-4D74-9CDC-B9C9069DEAFE}.Release|Any CPU.ActiveCfg = Release|Any CPU
		{12A5AA9B-26C3-4D74-9CDC-B9C9069DEAFE}.Release|Any CPU.Build.0 = Release|Any CPU
	EndGlobalSection
	GlobalSection(SolutionProperties) = preSolution
		HideSolutionNode = FALSE
	EndGlobalSection
	GlobalSection(ExtensibilityGlobals) = postSolution
		SolutionGuid = {76A27F4D-B42C-4143-842A-AF44C3E73982}
	EndGlobalSection
EndGlobal
