
Microsoft Visual Studio Solution File, Format Version 12.00
# Visual Studio Version 16
VisualStudioVersion = 16.0.29411.108
MinimumVisualStudioVersion = 10.0.40219.1
Project("{FAE04EC0-301F-11D3-BF4B-00C04F79EFBC}") = "prjFileUpload", "prjFileUpload\prjFileUpload.csproj", "{446D51DB-1BDC-4DE2-96B0-9C8186EED936}"
EndProject
Global
	GlobalSection(SolutionConfigurationPlatforms) = preSolution
		Debug|Any CPU = Debug|Any CPU
		Release|Any CPU = Release|Any CPU
	EndGlobalSection
	GlobalSection(ProjectConfigurationPlatforms) = postSolution
		{446D51DB-1BDC-4DE2-96B0-9C8186EED936}.Debug|Any CPU.ActiveCfg = Debug|Any CPU
		{446D51DB-1BDC-4DE2-96B0-9C8186EED936}.Debug|Any CPU.Build.0 = Debug|Any CPU
		{446D51DB-1BDC-4DE2-96B0-9C8186EED936}.Release|Any CPU.ActiveCfg = Release|Any CPU
		{446D51DB-1BDC-4DE2-96B0-9C8186EED936}.Release|Any CPU.Build.0 = Release|Any CPU
	EndGlobalSection
	GlobalSection(SolutionProperties) = preSolution
		HideSolutionNode = FALSE
	EndGlobalSection
	GlobalSection(ExtensibilityGlobals) = postSolution
		SolutionGuid = {F335192B-C09E-492F-8A7C-57DF89F44265}
	EndGlobalSection
EndGlobal
